<Solution>
  <Folder Name="/Solution Items/">
    <File Path="README.md" />
  </Folder>
  <Project Path="TB5.ConsoleApp,Database/TB5.ConsoleApp.Database.csproj" Id="a5d46902-74a1-471a-aeab-6024448f0404" />
  <Project Path="TB5.ConsoleApp.DapperSample/TB5.ConsoleApp.DapperSample.csproj" Id="5a9b19b9-a32b-4c78-8ec8-251f8b2c544b" />
  <Project Path="TB5.ConsoleApp.EFCoreSample/TB5.ConsoleApp.EFCoreSample.csproj" Id="03bd085b-5497-4ea1-aab0-40957874d545" />
  <Project Path="TB5.ConsoleApp/TB5.ConsoleApp.csproj" />
</Solution>
